{
    "version": 3,
    "terraform_version": "0.11.8",
    "serial": 6,
    "lineage": "0e6095ab-2d9c-7773-dbe8-5c869b082e8a",
    "modules": [
        {
            "path": [
                "root"
            ],
            "outputs": {},
            "resources": {
                "aws_instance.windows_server": {
                    "type": "aws_instance",
                    "depends_on": [
                        "data.aws_ami.win2016base"
                    ],
                    "primary": {
                        "id": "i-0f6f55d6b865b789e",
                        "attributes": {
                            "ami": "ami-6d336015",
                            "arn": "arn:aws:ec2:us-west-2:447615499467:instance/i-0f6f55d6b865b789e",
                            "associate_public_ip_address": "true",
                            "availability_zone": "us-west-2b",
                            "cpu_core_count": "2",
                            "cpu_threads_per_core": "1",
                            "credit_specification.#": "1",
                            "credit_specification.0.cpu_credits": "standard",
                            "disable_api_termination": "false",
                            "ebs_block_device.#": "0",
                            "ebs_optimized": "false",
                            "ephemeral_block_device.#": "0",
                            "get_password_data": "false",
                            "iam_instance_profile": "",
                            "id": "i-0f6f55d6b865b789e",
                            "instance_state": "running",
                            "instance_type": "t2.medium",
                            "ipv6_addresses.#": "0",
                            "key_name": "simon-instratus",
                            "monitoring": "false",
                            "network_interface.#": "0",
                            "network_interface_id": "eni-04c076e6c73d374f7",
                            "password_data": "",
                            "placement_group": "",
                            "primary_network_interface_id": "eni-04c076e6c73d374f7",
                            "private_dns": "ip-172-31-34-84.us-west-2.compute.internal",
                            "private_ip": "172.31.34.84",
                            "public_dns": "ec2-34-214-20-41.us-west-2.compute.amazonaws.com",
                            "public_ip": "34.214.20.41",
                            "root_block_device.#": "1",
                            "root_block_device.0.delete_on_termination": "true",
                            "root_block_device.0.iops": "100",
                            "root_block_device.0.volume_id": "vol-0a6782a164c1055c2",
                            "root_block_device.0.volume_size": "30",
                            "root_block_device.0.volume_type": "gp2",
                            "security_groups.#": "1",
                            "security_groups.3814588639": "default",
                            "source_dest_check": "true",
                            "subnet_id": "subnet-c741338c",
                            "tags.%": "2",
                            "tags.Name": "collector.instratus.ca",
                            "tags.app": "thor",
                            "tenancy": "default",
                            "user_data": "ecef468cec09eb03eb9f33cf194630d9946ebbe6",
                            "volume_tags.%": "0",
                            "vpc_security_group_ids.#": "1",
                            "vpc_security_group_ids.1149200214": "sg-1945f26a"
                        },
                        "meta": {
                            "e2bfb730-ecaa-11e6-8f88-34363bc7c4c0": {
                                "create": 600000000000,
                                "delete": 1200000000000,
                                "update": 600000000000
                            },
                            "schema_version": "1"
                        },
                        "tainted": false
                    },
                    "deposed": [],
                    "provider": "provider.aws"
                },
                "aws_route53_record.thor": {
                    "type": "aws_route53_record",
                    "depends_on": [
                        "aws_instance.windows_server",
                        "data.aws_route53_zone.instratus_zone"
                    ],
                    "primary": {
                        "id": "Z3C143J1ZKBS08_collector.instratus.ca_A",
                        "attributes": {
                            "allow_overwrite": "true",
                            "fqdn": "collector.instratus.ca",
                            "health_check_id": "",
                            "id": "Z3C143J1ZKBS08_collector.instratus.ca_A",
                            "name": "collector.instratus.ca",
                            "records.#": "1",
                            "records.176356534": "34.214.20.41",
                            "set_identifier": "",
                            "ttl": "300",
                            "type": "A",
                            "zone_id": "Z3C143J1ZKBS08"
                        },
                        "meta": {
                            "schema_version": "2"
                        },
                        "tainted": false
                    },
                    "deposed": [],
                    "provider": "provider.aws"
                },
                "data.aws_ami.win2016base": {
                    "type": "aws_ami",
                    "depends_on": [],
                    "primary": {
                        "id": "ami-6d336015",
                        "attributes": {
                            "architecture": "x86_64",
                            "block_device_mappings.#": "27",
                            "block_device_mappings.1016747457.device_name": "/dev/sda1",
                            "block_device_mappings.1016747457.ebs.%": "6",
                            "block_device_mappings.1016747457.ebs.delete_on_termination": "true",
                            "block_device_mappings.1016747457.ebs.encrypted": "false",
                            "block_device_mappings.1016747457.ebs.iops": "0",
                            "block_device_mappings.1016747457.ebs.snapshot_id": "snap-0444357c43d47de3e",
                            "block_device_mappings.1016747457.ebs.volume_size": "30",
                            "block_device_mappings.1016747457.ebs.volume_type": "gp2",
                            "block_device_mappings.1016747457.no_device": "",
                            "block_device_mappings.1016747457.virtual_name": "",
                            "block_device_mappings.1059705198.device_name": "xvdcq",
                            "block_device_mappings.1059705198.ebs.%": "0",
                            "block_device_mappings.1059705198.no_device": "",
                            "block_device_mappings.1059705198.virtual_name": "ephemeral16",
                            "block_device_mappings.1243518129.device_name": "xvdck",
                            "block_device_mappings.1243518129.ebs.%": "0",
                            "block_device_mappings.1243518129.no_device": "",
                            "block_device_mappings.1243518129.virtual_name": "ephemeral10",
                            "block_device_mappings.1387559417.device_name": "xvdcn",
                            "block_device_mappings.1387559417.ebs.%": "0",
                            "block_device_mappings.1387559417.no_device": "",
                            "block_device_mappings.1387559417.virtual_name": "ephemeral13",
                            "block_device_mappings.1523720897.device_name": "xvdcm",
                            "block_device_mappings.1523720897.ebs.%": "0",
                            "block_device_mappings.1523720897.no_device": "",
                            "block_device_mappings.1523720897.virtual_name": "ephemeral12",
                            "block_device_mappings.153898353.device_name": "xvdcs",
                            "block_device_mappings.153898353.ebs.%": "0",
                            "block_device_mappings.153898353.no_device": "",
                            "block_device_mappings.153898353.virtual_name": "ephemeral18",
                            "block_device_mappings.1718683500.device_name": "xvdca",
                            "block_device_mappings.1718683500.ebs.%": "0",
                            "block_device_mappings.1718683500.no_device": "",
                            "block_device_mappings.1718683500.virtual_name": "ephemeral0",
                            "block_device_mappings.2079948481.device_name": "xvdcw",
                            "block_device_mappings.2079948481.ebs.%": "0",
                            "block_device_mappings.2079948481.no_device": "",
                            "block_device_mappings.2079948481.virtual_name": "ephemeral22",
                            "block_device_mappings.2127256041.device_name": "xvdcf",
                            "block_device_mappings.2127256041.ebs.%": "0",
                            "block_device_mappings.2127256041.no_device": "",
                            "block_device_mappings.2127256041.virtual_name": "ephemeral5",
                            "block_device_mappings.2271637227.device_name": "xvdch",
                            "block_device_mappings.2271637227.ebs.%": "0",
                            "block_device_mappings.2271637227.no_device": "",
                            "block_device_mappings.2271637227.virtual_name": "ephemeral7",
                            "block_device_mappings.2335601450.device_name": "xvdct",
                            "block_device_mappings.2335601450.ebs.%": "0",
                            "block_device_mappings.2335601450.no_device": "",
                            "block_device_mappings.2335601450.virtual_name": "ephemeral19",
                            "block_device_mappings.2649854802.device_name": "xvdci",
                            "block_device_mappings.2649854802.ebs.%": "0",
                            "block_device_mappings.2649854802.no_device": "",
                            "block_device_mappings.2649854802.virtual_name": "ephemeral8",
                            "block_device_mappings.2752394454.device_name": "xvdco",
                            "block_device_mappings.2752394454.ebs.%": "0",
                            "block_device_mappings.2752394454.no_device": "",
                            "block_device_mappings.2752394454.virtual_name": "ephemeral14",
                            "block_device_mappings.2919192901.device_name": "xvdcp",
                            "block_device_mappings.2919192901.ebs.%": "0",
                            "block_device_mappings.2919192901.no_device": "",
                            "block_device_mappings.2919192901.virtual_name": "ephemeral15",
                            "block_device_mappings.3039404355.device_name": "xvdcc",
                            "block_device_mappings.3039404355.ebs.%": "0",
                            "block_device_mappings.3039404355.no_device": "",
                            "block_device_mappings.3039404355.virtual_name": "ephemeral2",
                            "block_device_mappings.3234906418.device_name": "xvdcy",
                            "block_device_mappings.3234906418.ebs.%": "0",
                            "block_device_mappings.3234906418.no_device": "",
                            "block_device_mappings.3234906418.virtual_name": "ephemeral24",
                            "block_device_mappings.3355749098.device_name": "xvdcl",
                            "block_device_mappings.3355749098.ebs.%": "0",
                            "block_device_mappings.3355749098.no_device": "",
                            "block_device_mappings.3355749098.virtual_name": "ephemeral11",
                            "block_device_mappings.3367410186.device_name": "xvdcz",
                            "block_device_mappings.3367410186.ebs.%": "0",
                            "block_device_mappings.3367410186.no_device": "",
                            "block_device_mappings.3367410186.virtual_name": "ephemeral25",
                            "block_device_mappings.3370773340.device_name": "xvdcg",
                            "block_device_mappings.3370773340.ebs.%": "0",
                            "block_device_mappings.3370773340.no_device": "",
                            "block_device_mappings.3370773340.virtual_name": "ephemeral6",
                            "block_device_mappings.3388947138.device_name": "xvdcd",
                            "block_device_mappings.3388947138.ebs.%": "0",
                            "block_device_mappings.3388947138.no_device": "",
                            "block_device_mappings.3388947138.virtual_name": "ephemeral3",
                            "block_device_mappings.3779702226.device_name": "xvdcu",
                            "block_device_mappings.3779702226.ebs.%": "0",
                            "block_device_mappings.3779702226.no_device": "",
                            "block_device_mappings.3779702226.virtual_name": "ephemeral20",
                            "block_device_mappings.3912234730.device_name": "xvdcv",
                            "block_device_mappings.3912234730.ebs.%": "0",
                            "block_device_mappings.3912234730.no_device": "",
                            "block_device_mappings.3912234730.virtual_name": "ephemeral21",
                            "block_device_mappings.4169893832.device_name": "xvdcj",
                            "block_device_mappings.4169893832.ebs.%": "0",
                            "block_device_mappings.4169893832.no_device": "",
                            "block_device_mappings.4169893832.virtual_name": "ephemeral9",
                            "block_device_mappings.464604531.device_name": "xvdce",
                            "block_device_mappings.464604531.ebs.%": "0",
                            "block_device_mappings.464604531.no_device": "",
                            "block_device_mappings.464604531.virtual_name": "ephemeral4",
                            "block_device_mappings.51057654.device_name": "xvdcb",
                            "block_device_mappings.51057654.ebs.%": "0",
                            "block_device_mappings.51057654.no_device": "",
                            "block_device_mappings.51057654.virtual_name": "ephemeral1",
                            "block_device_mappings.912952349.device_name": "xvdcx",
                            "block_device_mappings.912952349.ebs.%": "0",
                            "block_device_mappings.912952349.no_device": "",
                            "block_device_mappings.912952349.virtual_name": "ephemeral23",
                            "block_device_mappings.927959638.device_name": "xvdcr",
                            "block_device_mappings.927959638.ebs.%": "0",
                            "block_device_mappings.927959638.no_device": "",
                            "block_device_mappings.927959638.virtual_name": "ephemeral17",
                            "creation_date": "2018-07-11T22:51:13.000Z",
                            "description": "Microsoft Windows Server 2016 with Desktop Experience Locale English AMI provided by Amazon",
                            "filter.#": "2",
                            "filter.1592526972.name": "name",
                            "filter.1592526972.values.#": "1",
                            "filter.1592526972.values.0": "Windows_Server-2016-English-Full-Base*",
                            "filter.490168357.name": "virtualization-type",
                            "filter.490168357.values.#": "1",
                            "filter.490168357.values.0": "hvm",
                            "hypervisor": "xen",
                            "id": "ami-6d336015",
                            "image_id": "ami-6d336015",
                            "image_location": "amazon/Windows_Server-2016-English-Full-Base-2018.07.11",
                            "image_owner_alias": "amazon",
                            "image_type": "machine",
                            "most_recent": "true",
                            "name": "Windows_Server-2016-English-Full-Base-2018.07.11",
                            "owner_id": "801119661308",
                            "owners.#": "1",
                            "owners.0": "amazon",
                            "platform": "windows",
                            "product_codes.#": "0",
                            "public": "true",
                            "root_device_name": "/dev/sda1",
                            "root_device_type": "ebs",
                            "root_snapshot_id": "snap-0444357c43d47de3e",
                            "sriov_net_support": "simple",
                            "state": "available",
                            "state_reason.%": "2",
                            "state_reason.code": "UNSET",
                            "state_reason.message": "UNSET",
                            "tags.%": "0",
                            "virtualization_type": "hvm"
                        },
                        "meta": {},
                        "tainted": false
                    },
                    "deposed": [],
                    "provider": "provider.aws"
                },
                "data.aws_route53_zone.instratus_zone": {
                    "type": "aws_route53_zone",
                    "depends_on": [],
                    "primary": {
                        "id": "Z3C143J1ZKBS08",
                        "attributes": {
                            "caller_reference": "30442069-6C94-C4EF-BAB6-B71C737EACCB",
                            "comment": "",
                            "id": "Z3C143J1ZKBS08",
                            "name": "instratus.ca.",
                            "name_servers.#": "4",
                            "name_servers.0": "ns-1303.awsdns-34.org",
                            "name_servers.1": "ns-543.awsdns-03.net",
                            "name_servers.2": "ns-1649.awsdns-14.co.uk",
                            "name_servers.3": "ns-358.awsdns-44.com",
                            "private_zone": "false",
                            "resource_record_set_count": "8",
                            "zone_id": "Z3C143J1ZKBS08"
                        },
                        "meta": {},
                        "tainted": false
                    },
                    "deposed": [],
                    "provider": "provider.aws"
                }
            },
            "depends_on": []
        }
    ]
}
